// !$*UTF8*$!
{
	archiveVersion = 1;
	classes = {
	};
	objectVersion = 55;
	objects = {

/* Begin PBXBuildFile section */
		245334A6A4385664DF7CF52B /* libCoreKit.a in Frameworks */ = {isa = PBXBuildFile; fileRef = 66CABC65BD146D13942FB34B /* libCoreKit.a */; };
		3D48053A4DCA00051794DC27 /* libCoreKit.a in Dependencies */ = {isa = PBXBuildFile; fileRef = 66CABC65BD146D13942FB34B /* libCoreKit.a */; };
		4BDF595AABB8E3EC3E3C9585 /* libBooksFeature.a in Frameworks */ = {isa = PBXBuildFile; fileRef = 3762DD3C77D9E3220F53F327 /* libBooksFeature.a */; };
		B75DDAA53E3E054380E16D46 /* libDomain.a in Frameworks */ = {isa = PBXBuildFile; fileRef = B7547678B084310453FAC1A5 /* libDomain.a */; };
		F4DED446AA303860B478EB95 /* libDomain.a in Dependencies */ = {isa = PBXBuildFile; fileRef = B7547678B084310453FAC1A5 /* libDomain.a */; };
/* End PBXBuildFile section */

/* Begin PBXContainerItemProxy section */
		CBBDBEB8397D67D489046DFA /* PBXContainerItemProxy */ = {
			isa = PBXContainerItemProxy;
			containerPortal = 82762348D63678FC0D4B738C /* Project object */;
			proxyType = 1;
			remoteGlobalIDString = 134211242F56C3035B2373E5;
			remoteInfo = BooksFeature;
		};
/* End PBXContainerItemProxy section */

/* Begin PBXCopyFilesBuildPhase section */
		73827EC343BCDDC6226628B3 /* Dependencies */ = {
			isa = PBXCopyFilesBuildPhase;
			buildActionMask = 8;
			dstSubfolderSpec = 16;
			files = (
				3D48053A4DCA00051794DC27 /* libCoreKit.a in Dependencies */,
				F4DED446AA303860B478EB95 /* libDomain.a in Dependencies */,
			);
			name = Dependencies;
			runOnlyForDeploymentPostprocessing = 1;
		};
		87EAEB4FB135DC6002A8F1FC /* Embed Frameworks */ = {
			isa = PBXCopyFilesBuildPhase;
			buildActionMask = 2147483647;
			dstPath = "";
			dstSubfolderSpec = 10;
			files = (
			);
			name = "Embed Frameworks";
			runOnlyForDeploymentPostprocessing = 0;
		};
		F99CECDDD76FB5FAAF86F320 /* Embed Frameworks */ = {
			isa = PBXCopyFilesBuildPhase;
			buildActionMask = 2147483647;
			dstPath = "";
			dstSubfolderSpec = 10;
			files = (
			);
			name = "Embed Frameworks";
			runOnlyForDeploymentPostprocessing = 0;
		};
/* End PBXCopyFilesBuildPhase section */

/* Begin PBXFileReference section */
		171890F33B9AB7F8BD43A4F7 /* BooksFeatureTests.xctest */ = {isa = PBXFileReference; explicitFileType = wrapper.cfbundle; includeInIndex = 0; path = BooksFeatureTests.xctest; sourceTree = BUILT_PRODUCTS_DIR; };
		2E48E06E1909107A6C37A242 /* BooksFeatureTests-Info.plist */ = {isa = PBXFileReference; lastKnownFileType = text.plist; path = "BooksFeatureTests-Info.plist"; sourceTree = "<group>"; };
		3762DD3C77D9E3220F53F327 /* libBooksFeature.a */ = {isa = PBXFileReference; explicitFileType = archive.ar; includeInIndex = 0; path = libBooksFeature.a; sourceTree = BUILT_PRODUCTS_DIR; };
		66CABC65BD146D13942FB34B /* libCoreKit.a */ = {isa = PBXFileReference; explicitFileType = archive.ar; includeInIndex = 0; path = libCoreKit.a; sourceTree = BUILT_PRODUCTS_DIR; };
		B7547678B084310453FAC1A5 /* libDomain.a */ = {isa = PBXFileReference; explicitFileType = archive.ar; includeInIndex = 0; path = libDomain.a; sourceTree = BUILT_PRODUCTS_DIR; };
/* End PBXFileReference section */

/* Begin PBXFrameworksBuildPhase section */
		3603151CA4DC6F4F52B737EF /* Frameworks */ = {
			isa = PBXFrameworksBuildPhase;
			buildActionMask = 2147483647;
			files = (
				4BDF595AABB8E3EC3E3C9585 /* libBooksFeature.a in Frameworks */,
				245334A6A4385664DF7CF52B /* libCoreKit.a in Frameworks */,
				B75DDAA53E3E054380E16D46 /* libDomain.a in Frameworks */,
			);
			runOnlyForDeploymentPostprocessing = 0;
		};
		ACAFC12D6AA211A43A5894DB /* Frameworks */ = {
			isa = PBXFrameworksBuildPhase;
			buildActionMask = 2147483647;
			files = (
			);
			runOnlyForDeploymentPostprocessing = 0;
		};
/* End PBXFrameworksBuildPhase section */

/* Begin PBXGroup section */
		14E0B303C0A68D907CF8B7D4 /* Products */ = {
			isa = PBXGroup;
			children = (
				171890F33B9AB7F8BD43A4F7 /* BooksFeatureTests.xctest */,
				3762DD3C77D9E3220F53F327 /* libBooksFeature.a */,
				66CABC65BD146D13942FB34B /* libCoreKit.a */,
				B7547678B084310453FAC1A5 /* libDomain.a */,
			);
			name = Products;
			sourceTree = "<group>";
		};
		3BD16B3E97AFDE1379874B65 = {
			isa = PBXGroup;
			children = (
				14E0B303C0A68D907CF8B7D4 /* Products */,
				BCBCC7751139F91DAF8FDBC6 /* Project */,
			);
			sourceTree = "<group>";
		};
		52B92D7E4DC71846B2B74053 /* InfoPlists */ = {
			isa = PBXGroup;
			children = (
				2E48E06E1909107A6C37A242 /* BooksFeatureTests-Info.plist */,
			);
			path = InfoPlists;
			sourceTree = "<group>";
		};
		A03E495A33719242B53C9C51 /* Derived */ = {
			isa = PBXGroup;
			children = (
				52B92D7E4DC71846B2B74053 /* InfoPlists */,
			);
			path = Derived;
			sourceTree = "<group>";
		};
		BCBCC7751139F91DAF8FDBC6 /* Project */ = {
			isa = PBXGroup;
			children = (
				A03E495A33719242B53C9C51 /* Derived */,
			);
			name = Project;
			sourceTree = "<group>";
		};
/* End PBXGroup section */

/* Begin PBXNativeTarget section */
		134211242F56C3035B2373E5 /* BooksFeature */ = {
			isa = PBXNativeTarget;
			buildConfigurationList = 577C50AAFF48DCA6CFF2DE69 /* Build configuration list for PBXNativeTarget "BooksFeature" */;
			buildPhases = (
				4EA9A316DC4DB652945CEC95 /* Sources */,
				AC94FEB1D275BAB7587C6F67 /* Resources */,
				ACAFC12D6AA211A43A5894DB /* Frameworks */,
				F99CECDDD76FB5FAAF86F320 /* Embed Frameworks */,
				73827EC343BCDDC6226628B3 /* Dependencies */,
			);
			buildRules = (
			);
			dependencies = (
			);
			name = BooksFeature;
			packageProductDependencies = (
			);
			productName = BooksFeature;
			productReference = 3762DD3C77D9E3220F53F327 /* libBooksFeature.a */;
			productType = "com.apple.product-type.library.static";
		};
		2F4A0EF4B67CC440604C9EC8 /* BooksFeatureTests */ = {
			isa = PBXNativeTarget;
			buildConfigurationList = BE5B9B56FD0DB7D947AFD7C7 /* Build configuration list for PBXNativeTarget "BooksFeatureTests" */;
			buildPhases = (
				0ADB883471F96E64B36433F4 /* Sources */,
				D02C65A69EAB8F93498B0CCA /* Resources */,
				3603151CA4DC6F4F52B737EF /* Frameworks */,
				87EAEB4FB135DC6002A8F1FC /* Embed Frameworks */,
			);
			buildRules = (
			);
			dependencies = (
				98325DF65731A7A0F0CDB35D /* PBXTargetDependency */,
			);
			name = BooksFeatureTests;
			packageProductDependencies = (
			);
			productName = BooksFeatureTests;
			productReference = 171890F33B9AB7F8BD43A4F7 /* BooksFeatureTests.xctest */;
			productType = "com.apple.product-type.bundle.unit-test";
		};
/* End PBXNativeTarget section */

/* Begin PBXProject section */
		82762348D63678FC0D4B738C /* Project object */ = {
			isa = PBXProject;
			attributes = {
				BuildIndependentTargetsInParallel = YES;
				ORGANIZATIONNAME = annyeongjelly;
				TargetAttributes = {
				};
			};
			buildConfigurationList = C59A9F34BB98290D49F6F9CA /* Build configuration list for PBXProject "Books" */;
			compatibilityVersion = "Xcode 14.0";
			developmentRegion = en;
			hasScannedForEncodings = 0;
			knownRegions = (
				Base,
				en,
			);
			mainGroup = 3BD16B3E97AFDE1379874B65;
			productRefGroup = 14E0B303C0A68D907CF8B7D4 /* Products */;
			projectDirPath = "";
			projectRoot = "";
			targets = (
				134211242F56C3035B2373E5 /* BooksFeature */,
				2F4A0EF4B67CC440604C9EC8 /* BooksFeatureTests */,
			);
		};
/* End PBXProject section */

/* Begin PBXResourcesBuildPhase section */
		AC94FEB1D275BAB7587C6F67 /* Resources */ = {
			isa = PBXResourcesBuildPhase;
			buildActionMask = 2147483647;
			files = (
			);
			runOnlyForDeploymentPostprocessing = 0;
		};
		D02C65A69EAB8F93498B0CCA /* Resources */ = {
			isa = PBXResourcesBuildPhase;
			buildActionMask = 2147483647;
			files = (
			);
			runOnlyForDeploymentPostprocessing = 0;
		};
/* End PBXResourcesBuildPhase section */

/* Begin PBXSourcesBuildPhase section */
		0ADB883471F96E64B36433F4 /* Sources */ = {
			isa = PBXSourcesBuildPhase;
			buildActionMask = 2147483647;
			files = (
			);
			runOnlyForDeploymentPostprocessing = 0;
		};
		4EA9A316DC4DB652945CEC95 /* Sources */ = {
			isa = PBXSourcesBuildPhase;
			buildActionMask = 2147483647;
			files = (
			);
			runOnlyForDeploymentPostprocessing = 0;
		};
/* End PBXSourcesBuildPhase section */

/* Begin PBXTargetDependency section */
		98325DF65731A7A0F0CDB35D /* PBXTargetDependency */ = {
			isa = PBXTargetDependency;
			name = BooksFeature;
			target = 134211242F56C3035B2373E5 /* BooksFeature */;
			targetProxy = CBBDBEB8397D67D489046DFA /* PBXContainerItemProxy */;
		};
/* End PBXTargetDependency section */

/* Begin XCBuildConfiguration section */
		00C397E16A12D75B7DE36D9F /* Debug */ = {
			isa = XCBuildConfiguration;
			buildSettings = {
				CODE_SIGN_IDENTITY = "iPhone Developer";
				CODE_SIGN_STYLE = Automatic;
				IPHONEOS_DEPLOYMENT_TARGET = 15.0;
				OTHER_LDFLAGS = "-ObjC";
				PRODUCT_BUNDLE_IDENTIFIER = com.annyeongjelly.booksearch.feature.books;
				PRODUCT_NAME = BooksFeature;
				SDKROOT = iphoneos;
				SKIP_INSTALL = YES;
				SUPPORTS_MACCATALYST = NO;
				SUPPORTS_MAC_DESIGNED_FOR_IPHONE_IPAD = YES;
				SUPPORTS_XR_DESIGNED_FOR_IPHONE_IPAD = NO;
				SWIFT_ACTIVE_COMPILATION_CONDITIONS = (
					"$(inherited)",
					DEBUG,
				);
				SWIFT_COMPILATION_MODE = singlefile;
				SWIFT_OPTIMIZATION_LEVEL = "-Onone";
				SWIFT_STRICT_CONCURRENCY = complete;
				SWIFT_VERSION = 6.0;
				TARGETED_DEVICE_FAMILY = "1,2";
			};
			name = Debug;
		};
		0A71AAA5E498D555DD961643 /* Release */ = {
			isa = XCBuildConfiguration;
			buildSettings = {
				ALWAYS_SEARCH_USER_PATHS = NO;
				CLANG_ANALYZER_LOCALIZABILITY_NONLOCALIZED = YES;
				CLANG_ANALYZER_NONNULL = YES;
				CLANG_ANALYZER_NUMBER_OBJECT_CONVERSION = YES_AGGRESSIVE;
				CLANG_CXX_LANGUAGE_STANDARD = "gnu++14";
				CLANG_CXX_LIBRARY = "libc++";
				CLANG_ENABLE_MODULES = YES;
				CLANG_ENABLE_OBJC_ARC = YES;
				CLANG_ENABLE_OBJC_WEAK = YES;
				CLANG_WARN_BLOCK_CAPTURE_AUTORELEASING = YES;
				CLANG_WARN_BOOL_CONVERSION = YES;
				CLANG_WARN_COMMA = YES;
				CLANG_WARN_CONSTANT_CONVERSION = YES;
				CLANG_WARN_DEPRECATED_OBJC_IMPLEMENTATIONS = YES;
				CLANG_WARN_DIRECT_OBJC_ISA_USAGE = YES_ERROR;
				CLANG_WARN_DOCUMENTATION_COMMENTS = YES;
				CLANG_WARN_EMPTY_BODY = YES;
				CLANG_WARN_ENUM_CONVERSION = YES;
				CLANG_WARN_INFINITE_RECURSION = YES;
				CLANG_WARN_INT_CONVERSION = YES;
				CLANG_WARN_NON_LITERAL_NULL_CONVERSION = YES;
				CLANG_WARN_OBJC_IMPLICIT_RETAIN_SELF = YES;
				CLANG_WARN_OBJC_LITERAL_CONVERSION = YES;
				CLANG_WARN_OBJC_ROOT_CLASS = YES_ERROR;
				CLANG_WARN_QUOTED_INCLUDE_IN_FRAMEWORK_HEADER = YES;
				CLANG_WARN_RANGE_LOOP_ANALYSIS = YES;
				CLANG_WARN_STRICT_PROTOTYPES = YES;
				CLANG_WARN_SUSPICIOUS_MOVE = YES;
				CLANG_WARN_UNGUARDED_AVAILABILITY = YES_AGGRESSIVE;
				CLANG_WARN_UNREACHABLE_CODE = YES;
				CLANG_WARN__DUPLICATE_METHOD_MATCH = YES;
				COPY_PHASE_STRIP = NO;
				DEAD_CODE_STRIPPING = YES;
				DEBUG_INFORMATION_FORMAT = "dwarf-with-dsym";
				ENABLE_NS_ASSERTIONS = NO;
				ENABLE_STRICT_OBJC_MSGSEND = YES;
				GCC_C_LANGUAGE_STANDARD = gnu11;
				GCC_NO_COMMON_BLOCKS = YES;
				GCC_WARN_64_TO_32_BIT_CONVERSION = YES;
				GCC_WARN_ABOUT_RETURN_TYPE = YES_ERROR;
				GCC_WARN_UNDECLARED_SELECTOR = YES;
				GCC_WARN_UNINITIALIZED_AUTOS = YES_AGGRESSIVE;
				GCC_WARN_UNUSED_FUNCTION = YES;
				GCC_WARN_UNUSED_VARIABLE = YES;
				MTL_ENABLE_DEBUG_INFO = NO;
				PRODUCT_NAME = "$(TARGET_NAME)";
				VALIDATE_PRODUCT = YES;
			};
			name = Release;
		};
		15E57B2A1C03D65AD3173841 /* Release */ = {
			isa = XCBuildConfiguration;
			buildSettings = {
				CODE_SIGN_IDENTITY = "iPhone Developer";
				CODE_SIGN_STYLE = Automatic;
				IPHONEOS_DEPLOYMENT_TARGET = 15.0;
				OTHER_LDFLAGS = "-ObjC";
				PRODUCT_BUNDLE_IDENTIFIER = com.annyeongjelly.booksearch.feature.books;
				PRODUCT_NAME = BooksFeature;
				SDKROOT = iphoneos;
				SKIP_INSTALL = YES;
				SUPPORTS_MACCATALYST = NO;
				SUPPORTS_MAC_DESIGNED_FOR_IPHONE_IPAD = YES;
				SUPPORTS_XR_DESIGNED_FOR_IPHONE_IPAD = NO;
				SWIFT_COMPILATION_MODE = wholemodule;
				SWIFT_OPTIMIZATION_LEVEL = "-O";
				SWIFT_STRICT_CONCURRENCY = complete;
				SWIFT_VERSION = 6.0;
				TARGETED_DEVICE_FAMILY = "1,2";
			};
			name = Release;
		};
		3B851B1256241E33858E71A5 /* Release */ = {
			isa = XCBuildConfiguration;
			buildSettings = {
				CODE_SIGN_IDENTITY = "iPhone Developer";
				CODE_SIGN_STYLE = Automatic;
				INFOPLIST_FILE = "Derived/InfoPlists/BooksFeatureTests-Info.plist";
				IPHONEOS_DEPLOYMENT_TARGET = 15.0;
				LD_RUNPATH_SEARCH_PATHS = (
					"$(inherited)",
					"@executable_path/Frameworks",
					"@loader_path/Frameworks",
				);
				PRODUCT_BUNDLE_IDENTIFIER = com.annyeongjelly.booksearch.tests.BooksFeature;
				PRODUCT_NAME = BooksFeatureTests;
				SDKROOT = iphoneos;
				SUPPORTS_MACCATALYST = NO;
				SUPPORTS_MAC_DESIGNED_FOR_IPHONE_IPAD = YES;
				SUPPORTS_XR_DESIGNED_FOR_IPHONE_IPAD = NO;
				SWIFT_COMPILATION_MODE = wholemodule;
				SWIFT_OPTIMIZATION_LEVEL = "-O";
				SWIFT_STRICT_CONCURRENCY = complete;
				SWIFT_VERSION = 6.0;
				TARGETED_DEVICE_FAMILY = "1,2";
			};
			name = Release;
		};
		A03AF296148CE7BFB793728E /* Debug */ = {
			isa = XCBuildConfiguration;
			buildSettings = {
				CODE_SIGN_IDENTITY = "iPhone Developer";
				CODE_SIGN_STYLE = Automatic;
				INFOPLIST_FILE = "Derived/InfoPlists/BooksFeatureTests-Info.plist";
				IPHONEOS_DEPLOYMENT_TARGET = 15.0;
				LD_RUNPATH_SEARCH_PATHS = (
					"$(inherited)",
					"@executable_path/Frameworks",
					"@loader_path/Frameworks",
				);
				PRODUCT_BUNDLE_IDENTIFIER = com.annyeongjelly.booksearch.tests.BooksFeature;
				PRODUCT_NAME = BooksFeatureTests;
				SDKROOT = iphoneos;
				SUPPORTS_MACCATALYST = NO;
				SUPPORTS_MAC_DESIGNED_FOR_IPHONE_IPAD = YES;
				SUPPORTS_XR_DESIGNED_FOR_IPHONE_IPAD = NO;
				SWIFT_ACTIVE_COMPILATION_CONDITIONS = (
					"$(inherited)",
					DEBUG,
				);
				SWIFT_COMPILATION_MODE = singlefile;
				SWIFT_OPTIMIZATION_LEVEL = "-Onone";
				SWIFT_STRICT_CONCURRENCY = complete;
				SWIFT_VERSION = 6.0;
				TARGETED_DEVICE_FAMILY = "1,2";
			};
			name = Debug;
		};
		D58981AD8D1495C61FEE9AC7 /* Debug */ = {
			isa = XCBuildConfiguration;
			buildSettings = {
				ALWAYS_SEARCH_USER_PATHS = NO;
				CLANG_ANALYZER_LOCALIZABILITY_NONLOCALIZED = YES;
				CLANG_ANALYZER_NONNULL = YES;
				CLANG_ANALYZER_NUMBER_OBJECT_CONVERSION = YES_AGGRESSIVE;
				CLANG_CXX_LANGUAGE_STANDARD = "gnu++14";
				CLANG_CXX_LIBRARY = "libc++";
				CLANG_ENABLE_MODULES = YES;
				CLANG_ENABLE_OBJC_ARC = YES;
				CLANG_ENABLE_OBJC_WEAK = YES;
				CLANG_WARN_BLOCK_CAPTURE_AUTORELEASING = YES;
				CLANG_WARN_BOOL_CONVERSION = YES;
				CLANG_WARN_COMMA = YES;
				CLANG_WARN_CONSTANT_CONVERSION = YES;
				CLANG_WARN_DEPRECATED_OBJC_IMPLEMENTATIONS = YES;
				CLANG_WARN_DIRECT_OBJC_ISA_USAGE = YES_ERROR;
				CLANG_WARN_DOCUMENTATION_COMMENTS = YES;
				CLANG_WARN_EMPTY_BODY = YES;
				CLANG_WARN_ENUM_CONVERSION = YES;
				CLANG_WARN_INFINITE_RECURSION = YES;
				CLANG_WARN_INT_CONVERSION = YES;
				CLANG_WARN_NON_LITERAL_NULL_CONVERSION = YES;
				CLANG_WARN_OBJC_IMPLICIT_RETAIN_SELF = YES;
				CLANG_WARN_OBJC_LITERAL_CONVERSION = YES;
				CLANG_WARN_OBJC_ROOT_CLASS = YES_ERROR;
				CLANG_WARN_QUOTED_INCLUDE_IN_FRAMEWORK_HEADER = YES;
				CLANG_WARN_RANGE_LOOP_ANALYSIS = YES;
				CLANG_WARN_STRICT_PROTOTYPES = YES;
				CLANG_WARN_SUSPICIOUS_MOVE = YES;
				CLANG_WARN_UNGUARDED_AVAILABILITY = YES_AGGRESSIVE;
				CLANG_WARN_UNREACHABLE_CODE = YES;
				CLANG_WARN__DUPLICATE_METHOD_MATCH = YES;
				COPY_PHASE_STRIP = NO;
				DEAD_CODE_STRIPPING = YES;
				DEBUG_INFORMATION_FORMAT = dwarf;
				ENABLE_STRICT_OBJC_MSGSEND = YES;
				ENABLE_TESTABILITY = YES;
				GCC_C_LANGUAGE_STANDARD = gnu11;
				GCC_DYNAMIC_NO_PIC = NO;
				GCC_NO_COMMON_BLOCKS = YES;
				GCC_OPTIMIZATION_LEVEL = 0;
				GCC_PREPROCESSOR_DEFINITIONS = (
					"DEBUG=1",
					"$(inherited)",
				);
				GCC_WARN_64_TO_32_BIT_CONVERSION = YES;
				GCC_WARN_ABOUT_RETURN_TYPE = YES_ERROR;
				GCC_WARN_UNDECLARED_SELECTOR = YES;
				GCC_WARN_UNINITIALIZED_AUTOS = YES_AGGRESSIVE;
				GCC_WARN_UNUSED_FUNCTION = YES;
				GCC_WARN_UNUSED_VARIABLE = YES;
				MTL_ENABLE_DEBUG_INFO = YES;
				ONLY_ACTIVE_ARCH = YES;
				PRODUCT_NAME = "$(TARGET_NAME)";
			};
			name = Debug;
		};
/* End XCBuildConfiguration section */

/* Begin XCConfigurationList section */
		577C50AAFF48DCA6CFF2DE69 /* Build configuration list for PBXNativeTarget "BooksFeature" */ = {
			isa = XCConfigurationList;
			buildConfigurations = (
				00C397E16A12D75B7DE36D9F /* Debug */,
				15E57B2A1C03D65AD3173841 /* Release */,
			);
			defaultConfigurationIsVisible = 0;
			defaultConfigurationName = Release;
		};
		BE5B9B56FD0DB7D947AFD7C7 /* Build configuration list for PBXNativeTarget "BooksFeatureTests" */ = {
			isa = XCConfigurationList;
			buildConfigurations = (
				A03AF296148CE7BFB793728E /* Debug */,
				3B851B1256241E33858E71A5 /* Release */,
			);
			defaultConfigurationIsVisible = 0;
			defaultConfigurationName = Release;
		};
		C59A9F34BB98290D49F6F9CA /* Build configuration list for PBXProject "Books" */ = {
			isa = XCConfigurationList;
			buildConfigurations = (
				D58981AD8D1495C61FEE9AC7 /* Debug */,
				0A71AAA5E498D555DD961643 /* Release */,
			);
			defaultConfigurationIsVisible = 0;
			defaultConfigurationName = Release;
		};
/* End XCConfigurationList section */
	};
	rootObject = 82762348D63678FC0D4B738C /* Project object */;
}
